
Microsoft Visual Studio Solution File, Format Version 12.00
# Visual Studio 15
VisualStudioVersion = 15.0.28010.2019
MinimumVisualStudioVersion = 10.0.40219.1
Project("{9A19103F-16F7-4668-BE54-9A1E7A4F7556}") = "PriceEngine", "PriceEngine\PriceEngine.csproj", "{48D699F2-B43F-4186-AADA-A1B6186C2035}"
EndProject
Project("{FAE04EC0-301F-11D3-BF4B-00C04F79EFBC}") = "PriceEngine.Core", "PriceEngine.Core\PriceEngine.Core.csproj", "{17784E4A-E062-47FA-A93D-3269CF6B5F04}"
EndProject
Project("{FAE04EC0-301F-11D3-BF4B-00C04F79EFBC}") = "PriceEngine.Core.Tests", "PriceEngine.Core.Tests\PriceEngine.Core.Tests.csproj", "{7138BD0A-A552-46D0-94D6-866C6B4C5CB5}"
EndProject
Global
	GlobalSection(SolutionConfigurationPlatforms) = preSolution
		Debug|Any CPU = Debug|Any CPU
		Release|Any CPU = Release|Any CPU
	EndGlobalSection
	GlobalSection(ProjectConfigurationPlatforms) = postSolution
		{48D699F2-B43F-4186-AADA-A1B6186C2035}.Debug|Any CPU.ActiveCfg = Debug|Any CPU
		{48D699F2-B43F-4186-AADA-A1B6186C2035}.Debug|Any CPU.Build.0 = Debug|Any CPU
		{48D699F2-B43F-4186-AADA-A1B6186C2035}.Release|Any CPU.ActiveCfg = Release|Any CPU
		{48D699F2-B43F-4186-AADA-A1B6186C2035}.Release|Any CPU.Build.0 = Release|Any CPU
		{17784E4A-E062-47FA-A93D-3269CF6B5F04}.Debug|Any CPU.ActiveCfg = Debug|Any CPU
		{17784E4A-E062-47FA-A93D-3269CF6B5F04}.Debug|Any CPU.Build.0 = Debug|Any CPU
		{17784E4A-E062-47FA-A93D-3269CF6B5F04}.Release|Any CPU.ActiveCfg = Release|Any CPU
		{17784E4A-E062-47FA-A93D-3269CF6B5F04}.Release|Any CPU.Build.0 = Release|Any CPU
		{7138BD0A-A552-46D0-94D6-866C6B4C5CB5}.Debug|Any CPU.ActiveCfg = Debug|Any CPU
		{7138BD0A-A552-46D0-94D6-866C6B4C5CB5}.Debug|Any CPU.Build.0 = Debug|Any CPU
		{7138BD0A-A552-46D0-94D6-866C6B4C5CB5}.Release|Any CPU.ActiveCfg = Release|Any CPU
		{7138BD0A-A552-46D0-94D6-866C6B4C5CB5}.Release|Any CPU.Build.0 = Release|Any CPU
	EndGlobalSection
	GlobalSection(SolutionProperties) = preSolution
		HideSolutionNode = FALSE
	EndGlobalSection
	GlobalSection(ExtensibilityGlobals) = postSolution
		SolutionGuid = {C085A718-04E8-4ABD-AAC0-322618627BA1}
	EndGlobalSection
EndGlobal
